
Microsoft Visual Studio Solution File, Format Version 12.00
# Visual Studio 2013
VisualStudioVersion = 12.0.21005.1
MinimumVisualStudioVersion = 10.0.40219.1
Project("{FAE04EC0-301F-11D3-BF4B-00C04F79EFBC}") = "QLCUAHANGDTH1", "QLCUAHANGDTH1\QLCUAHANGDTH1.csproj", "{1DC9CC8E-24DA-4170-A280-8D144D97C8DA}"
EndProject
Global
	GlobalSection(SolutionConfigurationPlatforms) = preSolution
		Debug|Any CPU = Debug|Any CPU
		Release|Any CPU = Release|Any CPU
	EndGlobalSection
	GlobalSection(ProjectConfigurationPlatforms) = postSolution
		{1DC9CC8E-24DA-4170-A280-8D144D97C8DA}.Debug|Any CPU.ActiveCfg = Debug|Any CPU
		{1DC9CC8E-24DA-4170-A280-8D144D97C8DA}.Debug|Any CPU.Build.0 = Debug|Any CPU
		{1DC9CC8E-24DA-4170-A280-8D144D97C8DA}.Release|Any CPU.ActiveCfg = Release|Any CPU
		{1DC9CC8E-24DA-4170-A280-8D144D97C8DA}.Release|Any CPU.Build.0 = Release|Any CPU
	EndGlobalSection
	GlobalSection(SolutionProperties) = preSolution
		HideSolutionNode = FALSE
	EndGlobalSection
EndGlobal
